<?xml version="1.0" encoding="utf-8"?>
<Project ToolsVersion="4.0" xmlns="http://schemas.microsoft.com/developer/msbuild/2003">
  <ItemGroup>
    <Filter Include="include">
      <UniqueIdentifier>{d178d5eb-e558-42ff-b135-01327aa6fd6b}</UniqueIdentifier>
    </Filter>
    <Filter Include="src">
      <UniqueIdentifier>{9ede12a9-5e67-4c24-9f1b-709c4b51b3a7}</UniqueIdentifier>
    </Filter>
    <Filter Include="assets">
      <UniqueIdentifier>{6129244c-1935-46a5-811e-9ef457da6996}</UniqueIdentifier>
    </Filter>
    <Filter Include="room_mappings">
      <UniqueIdentifier>{03f2d72e-2f6b-4f61-a96b-e72e6f764aa5}</UniqueIdentifier>
    </Filter>
  </ItemGroup>
  <ItemGroup>
    <ClCompile Include="src\BehaviorAttackPlayerMelee.cpp">
      <Filter>src</Filter>
    </ClCompile>
    <ClCompile Include="src\BehaviorWander.cpp">
      <Filter>src</Filter>
    </ClCompile>
    <ClCompile Include="src\Dungeon.cpp">
      <Filter>src</Filter>
    </ClCompile>
    <ClCompile Include="src\Game.cpp">
      <Filter>src</Filter>
    </ClCompile>
    <ClCompile Include="src\main_game.cpp">
      <Filter>src</Filter>
    </ClCompile>
    <ClCompile Include="src\NPC.cpp">
      <Filter>src</Filter>
    </ClCompile>
    <ClCompile Include="src\Object.cpp">
      <Filter>src</Filter>
    </ClCompile>
    <ClCompile Include="src\Player.cpp">
      <Filter>src</Filter>
    </ClCompile>
    <ClCompile Include="src\Room.cpp">
      <Filter>src</Filter>
    </ClCompile>
    <ClCompile Include="src\Tile.cpp">
      <Filter>src</Filter>
    </ClCompile>
    <ClCompile Include="src\UIButton.cpp">
      <Filter>src</Filter>
    </ClCompile>
    <ClCompile Include="src\UIManager.cpp">
      <Filter>src</Filter>
    </ClCompile>
  </ItemGroup>
  <ItemGroup>
    <ClInclude Include="include\BehaviorAttackPlayerMelee.h">
      <Filter>include</Filter>
    </ClInclude>
    <ClInclude Include="include\BehaviorWander.h">
      <Filter>include</Filter>
    </ClInclude>
    <ClInclude Include="include\Constants.h">
      <Filter>include</Filter>
    </ClInclude>
    <ClInclude Include="include\Dungeon.h">
      <Filter>include</Filter>
    </ClInclude>
    <ClInclude Include="include\Game.h">
      <Filter>include</Filter>
    </ClInclude>
    <ClInclude Include="include\MathConstants.h">
      <Filter>include</Filter>
    </ClInclude>
    <ClInclude Include="include\NPC.h">
      <Filter>include</Filter>
    </ClInclude>
    <ClInclude Include="include\NPCBehavior.h">
      <Filter>include</Filter>
    </ClInclude>
    <ClInclude Include="include\Object.h">
      <Filter>include</Filter>
    </ClInclude>
    <ClInclude Include="include\Player.h">
      <Filter>include</Filter>
    </ClInclude>
    <ClInclude Include="include\Room.h">
      <Filter>include</Filter>
    </ClInclude>
    <ClInclude Include="include\Tile.h">
      <Filter>include</Filter>
    </ClInclude>
    <ClInclude Include="include\UIButton.h">
      <Filter>include</Filter>
    </ClInclude>
    <ClInclude Include="include\UIManager.h">
      <Filter>include</Filter>
    </ClInclude>
  </ItemGroup>
  <ItemGroup>
    <Image Include="assets\!.png">
      <Filter>assets</Filter>
    </Image>
    <Image Include="assets\..png">
      <Filter>assets</Filter>
    </Image>
    <Image Include="assets\%27.png">
      <Filter>assets</Filter>
    </Image>
    <Image Include="assets\action_point.png">
      <Filter>assets</Filter>
    </Image>
    <Image Include="assets\action_point_empty.png">
      <Filter>assets</Filter>
    </Image>
    <Image Include="assets\action_point_half.png">
      <Filter>assets</Filter>
    </Image>
    <Image Include="assets\armorer_outside_shop_flag.png">
      <Filter>assets</Filter>
    </Image>
    <Image Include="assets\bandit_1.png">
      <Filter>assets</Filter>
    </Image>
    <Image Include="assets\bandit_2.png">
      <Filter>assets</Filter>
    </Image>
    <Image Include="assets\bandit_display.png">
      <Filter>assets</Filter>
    </Image>
    <Image Include="assets\barrel.png">
      <Filter>assets</Filter>
    </Image>
    <Image Include="assets\blacksmith_outside_shop_flag.png">
      <Filter>assets</Filter>
    </Image>
    <Image Include="assets\bonus_action_point.png">
      <Filter>assets</Filter>
    </Image>
    <Image Include="assets\bonus_action_point_empty.png">
      <Filter>assets</Filter>
    </Image>
    <Image Include="assets\camp_fire.png">
      <Filter>assets</Filter>
    </Image>
    <Image Include="assets\character template.png">
      <Filter>assets</Filter>
    </Image>
    <Image Include="assets\chest.png">
      <Filter>assets</Filter>
    </Image>
    <Image Include="assets\coins.png">
      <Filter>assets</Filter>
    </Image>
    <Image Include="assets\colon.png">
      <Filter>assets</Filter>
    </Image>
    <Image Include="assets\cursor.png">
      <Filter>assets</Filter>
    </Image>
    <Image Include="assets\cursor_2.png">
      <Filter>assets</Filter>
    </Image>
    <Image Include="assets\dirt_1.png">
      <Filter>assets</Filter>
    </Image>
    <Image Include="assets\dirt_2.png">
      <Filter>assets</Filter>
    </Image>
    <Image Include="assets\dirt_3.png">
      <Filter>assets</Filter>
    </Image>
    <Image Include="assets\display frame template.png">
      <Filter>assets</Filter>
    </Image>
    <Image Include="assets\drop_inventory_clicked.png">
      <Filter>assets</Filter>
    </Image>
    <Image Include="assets\drop_inventory_non_clicked.png">
      <Filter>assets</Filter>
    </Image>
    <Image Include="assets\drop_ladder.png">
      <Filter>assets</Filter>
    </Image>
    <Image Include="assets\empty_heart.png">
      <Filter>assets</Filter>
    </Image>
    <Image Include="assets\empty_movement_point.png">
      <Filter>assets</Filter>
    </Image>
    <Image Include="assets\energy_potion.png">
      <Filter>assets</Filter>
    </Image>
    <Image Include="assets\fitz.png">
      <Filter>assets</Filter>
    </Image>
    <Image Include="assets\fitz_with_table.png">
      <Filter>assets</Filter>
    </Image>
    <Image Include="assets\full_action_point.png">
      <Filter>assets</Filter>
    </Image>
    <Image Include="..\..\..\Downloads\full_red_heart.png">
      <Filter>assets</Filter>
    </Image>
    <Image Include="assets\full_red_heart.png">
      <Filter>assets</Filter>
    </Image>
    <Image Include="game_over.png">
      <Filter>assets</Filter>
    </Image>
    <Image Include="assets\game_over_1.png">
      <Filter>assets</Filter>
    </Image>
    <Image Include="assets\game_over_2.png">
      <Filter>assets</Filter>
    </Image>
    <Image Include="assets\game_over_3.png">
      <Filter>assets</Filter>
    </Image>
    <Image Include="assets\game_over_4.png">
      <Filter>assets</Filter>
    </Image>
    <Image Include="assets\game_over_5.png">
      <Filter>assets</Filter>
    </Image>
    <Image Include="assets\game_over_6.png">
      <Filter>assets</Filter>
    </Image>
    <Image Include="assets\g-chest.png">
      <Filter>assets</Filter>
    </Image>
    <Image Include="assets\goblin.png">
      <Filter>assets</Filter>
    </Image>
    <Image Include="assets\goblin_display.png">
      <Filter>assets</Filter>
    </Image>
    <Image Include="assets\half_red_heart.png">
      <Filter>assets</Filter>
    </Image>
    <Image Include="assets\health_potion.png">
      <Filter>assets</Filter>
    </Image>
    <Image Include="assets\inventory_empty_slot.png">
      <Filter>assets</Filter>
    </Image>
    <Image Include="assets\inventory_gold_icon.png">
      <Filter>assets</Filter>
    </Image>
    <Image Include="assets\inventory_slot_full.png">
      <Filter>assets</Filter>
    </Image>
    <Image Include="assets\knight_1.png">
      <Filter>assets</Filter>
    </Image>
    <Image Include="assets\knight_2.png">
      <Filter>assets</Filter>
    </Image>
    <Image Include="assets\knight_3.png">
      <Filter>assets</Filter>
    </Image>
    <Image Include="assets\knight_4.png">
      <Filter>assets</Filter>
    </Image>
    <Image Include="assets\minimap_room_current_large.png">
      <Filter>assets</Filter>
    </Image>
    <Image Include="assets\minimap_room_current_small.png">
      <Filter>assets</Filter>
    </Image>
    <Image Include="assets\minimap_room_explored_large.png">
      <Filter>assets</Filter>
    </Image>
    <Image Include="assets\minimap_room_explored_small.png">
      <Filter>assets</Filter>
    </Image>
    <Image Include="assets\minimap_room_unexplored_large.png">
      <Filter>assets</Filter>
    </Image>
    <Image Include="assets\minimap_room_unexplored_small.png">
      <Filter>assets</Filter>
    </Image>
    <Image Include="assets\monster_meat.png">
      <Filter>assets</Filter>
    </Image>
    <Image Include="assets\move_button_bnw_clicked.png">
      <Filter>assets</Filter>
    </Image>
    <Image Include="assets\move_button_bnw_non_clicked.png">
      <Filter>assets</Filter>
    </Image>
    <Image Include="assets\movement_point.png">
      <Filter>assets</Filter>
    </Image>
    <Image Include="assets\num_0.png">
      <Filter>assets</Filter>
    </Image>
    <Image Include="assets\num_1.png">
      <Filter>assets</Filter>
    </Image>
    <Image Include="assets\num_2.png">
      <Filter>assets</Filter>
    </Image>
    <Image Include="assets\num_3.png">
      <Filter>assets</Filter>
    </Image>
    <Image Include="assets\num_4.png">
      <Filter>assets</Filter>
    </Image>
    <Image Include="assets\num_5.png">
      <Filter>assets</Filter>
    </Image>
    <Image Include="assets\num_6.png">
      <Filter>assets</Filter>
    </Image>
    <Image Include="assets\num_7.png">
      <Filter>assets</Filter>
    </Image>
    <Image Include="assets\num_8.png">
      <Filter>assets</Filter>
    </Image>
    <Image Include="assets\num_9.png">
      <Filter>assets</Filter>
    </Image>
    <Image Include="pine.png">
      <Filter>assets</Filter>
    </Image>
    <Image Include="assets\pine_1.png">
      <Filter>assets</Filter>
    </Image>
    <Image Include="assets\prompt_start.png">
      <Filter>assets</Filter>
    </Image>
    <Image Include="assets\question_mark.png">
      <Filter>assets</Filter>
    </Image>
    <Image Include="assets\red_x.png">
      <Filter>assets</Filter>
    </Image>
    <Image Include="assets\rock_1.png">
      <Filter>assets</Filter>
    </Image>
    <Image Include="assets\rock_2.png">
      <Filter>assets</Filter>
    </Image>
    <Image Include="assets\rogue.png">
      <Filter>assets</Filter>
    </Image>
    <Image Include="assets\semi_colon.png">
      <Filter>assets</Filter>
    </Image>
    <Image Include="assets\sheep.png">
      <Filter>assets</Filter>
    </Image>
    <Image Include="assets\shop_window.png">
      <Filter>assets</Filter>
    </Image>
    <Image Include="assets\spider.png">
      <Filter>assets</Filter>
    </Image>
    <Image Include="assets\spider_display.png">
      <Filter>assets</Filter>
    </Image>
    <Image Include="assets\stir_fry.png">
      <Filter>assets</Filter>
    </Image>
    <Image Include="assets\stone_wall.png">
      <Filter>assets</Filter>
    </Image>
    <Image Include="assets\stone_wall_alt.png">
      <Filter>assets</Filter>
    </Image>
    <Image Include="assets\sword.png">
      <Filter>assets</Filter>
    </Image>
    <Image Include="assets\sword_bnw_clicked.png">
      <Filter>assets</Filter>
    </Image>
    <Image Include="assets\sword_bnw_non_clicked.png">
      <Filter>assets</Filter>
    </Image>
    <Image Include="assets\tree_1.png">
      <Filter>assets</Filter>
    </Image>
    <Image Include="assets\tree_2.png">
      <Filter>assets</Filter>
    </Image>
    <Image Include="assets\tt_outdoor_sign.png">
      <Filter>assets</Filter>
    </Image>
    <Image Include="assets\tt_outdoor_window_small.png">
      <Filter>assets</Filter>
    </Image>
    <Image Include="assets\upper_a.png">
      <Filter>assets</Filter>
    </Image>
    <Image Include="assets\upper_b.png">
      <Filter>assets</Filter>
    </Image>
    <Image Include="assets\upper_c.png">
      <Filter>assets</Filter>
    </Image>
    <Image Include="assets\upper_d.png">
      <Filter>assets</Filter>
    </Image>
    <Image Include="assets\upper_e.png">
      <Filter>assets</Filter>
    </Image>
    <Image Include="assets\upper_f.png">
      <Filter>assets</Filter>
    </Image>
    <Image Include="assets\upper_g.png">
      <Filter>assets</Filter>
    </Image>
    <Image Include="assets\upper_h.png">
      <Filter>assets</Filter>
    </Image>
    <Image Include="assets\upper_i.png">
      <Filter>assets</Filter>
    </Image>
    <Image Include="assets\upper_j.png">
      <Filter>assets</Filter>
    </Image>
    <Image Include="assets\upper_k.png">
      <Filter>assets</Filter>
    </Image>
    <Image Include="assets\upper_l.png">
      <Filter>assets</Filter>
    </Image>
    <Image Include="assets\upper_m.png">
      <Filter>assets</Filter>
    </Image>
    <Image Include="assets\upper_n.png">
      <Filter>assets</Filter>
    </Image>
    <Image Include="assets\upper_o.png">
      <Filter>assets</Filter>
    </Image>
    <Image Include="assets\upper_p.png">
      <Filter>assets</Filter>
    </Image>
    <Image Include="assets\upper_q.png">
      <Filter>assets</Filter>
    </Image>
    <Image Include="assets\upper_r.png">
      <Filter>assets</Filter>
    </Image>
    <Image Include="assets\upper_s.png">
      <Filter>assets</Filter>
    </Image>
    <Image Include="assets\upper_t.png">
      <Filter>assets</Filter>
    </Image>
    <Image Include="assets\upper_u.png">
      <Filter>assets</Filter>
    </Image>
    <Image Include="assets\upper_v.png">
      <Filter>assets</Filter>
    </Image>
    <Image Include="assets\upper_w.png">
      <Filter>assets</Filter>
    </Image>
    <Image Include="assets\upper_x.png">
      <Filter>assets</Filter>
    </Image>
    <Image Include="assets\upper_y.png">
      <Filter>assets</Filter>
    </Image>
    <Image Include="assets\upper_z.png">
      <Filter>assets</Filter>
    </Image>
    <Image Include="assets\use_inventory_clicked.png">
      <Filter>assets</Filter>
    </Image>
    <Image Include="assets\use_inventory_non_clicked.png">
      <Filter>assets</Filter>
    </Image>
    <Image Include="assets\wall.png">
      <Filter>assets</Filter>
    </Image>
    <Image Include="assets\wood_door.png">
      <Filter>assets</Filter>
    </Image>
    <Image Include="assets\wood_floor.png">
      <Filter>assets</Filter>
    </Image>
    <Image Include="assets\wood_floor_2.png">
      <Filter>assets</Filter>
    </Image>
    <Image Include="assets\x_bnw_clicked.png">
      <Filter>assets</Filter>
    </Image>
    <Image Include="assets\x_bnw_non_clicked.png">
      <Filter>assets</Filter>
    </Image>
  </ItemGroup>
  <ItemGroup>
    <None Include="room mappings\npcs_mapping_encounter_0_1.csv">
      <Filter>room_mappings</Filter>
    </None>
    <None Include="room mappings\npcs_mapping_encounter_0_2.csv">
      <Filter>room_mappings</Filter>
    </None>
    <None Include="room mappings\npcs_mapping_encounter_0_3.csv">
      <Filter>room_mappings</Filter>
    </None>
    <None Include="room mappings\object_mapping_encounter_0_1.csv">
      <Filter>room_mappings</Filter>
    </None>
    <None Include="room mappings\object_mapping_encounter_0_2.csv">
      <Filter>room_mappings</Filter>
    </None>
    <None Include="room mappings\object_mapping_encounter_0_3.csv">
      <Filter>room_mappings</Filter>
    </None>
    <None Include="room mappings\object_mapping_standard_0_1.csv">
      <Filter>room_mappings</Filter>
    </None>
    <None Include="room mappings\object_mapping_standard_0_2.csv">
      <Filter>room_mappings</Filter>
    </None>
    <None Include="room mappings\object_mapping_standard_0_3.csv">
      <Filter>room_mappings</Filter>
    </None>
    <None Include="room mappings\template.csv">
      <Filter>room_mappings</Filter>
    </None>
    <None Include="room mappings\tile_mapping_encounter_0_1.csv">
      <Filter>room_mappings</Filter>
    </None>
    <None Include="room mappings\tile_mapping_encounter_0_2.csv">
      <Filter>room_mappings</Filter>
    </None>
    <None Include="room mappings\tile_mapping_encounter_0_3.csv">
      <Filter>room_mappings</Filter>
    </None>
    <None Include="room mappings\tile_mapping_standard_0_1.csv">
      <Filter>room_mappings</Filter>
    </None>
    <None Include="room mappings\tile_mapping_standard_0_2.csv">
      <Filter>room_mappings</Filter>
    </None>
    <None Include="room mappings\tile_mapping_standard_0_3.csv">
      <Filter>room_mappings</Filter>
    </None>
  </ItemGroup>
</Project>