<?xml version="1.0" encoding="utf-8"?>
<Project ToolsVersion="4.0" xmlns="http://schemas.microsoft.com/developer/msbuild/2003">
  <ItemGroup>
    <Filter Include="Source Files">
      <UniqueIdentifier>{4FC737F1-C7A5-4376-A066-2A32D752A2FF}</UniqueIdentifier>
      <Extensions>cpp;c;cc;cxx;c++;cppm;ixx;def;odl;idl;hpj;bat;asm;asmx</Extensions>
    </Filter>
    <Filter Include="Header Files">
      <UniqueIdentifier>{93995380-89BD-4b04-88EB-625FBE52EBFB}</UniqueIdentifier>
      <Extensions>h;hh;hpp;hxx;h++;hm;inl;inc;ipp;xsd</Extensions>
    </Filter>
    <Filter Include="Resource Files">
      <UniqueIdentifier>{67DA6AB6-F800-4c08-8B7A-83BB121AAD01}</UniqueIdentifier>
      <Extensions>rc;ico;cur;bmp;dlg;rc2;rct;bin;rgs;gif;jpg;jpeg;jpe;resx;tiff;tif;png;wav;mfcribbon-ms</Extensions>
    </Filter>
    <Filter Include="NPC Behaviors">
      <UniqueIdentifier>{e46aa9fd-e587-41be-a346-a8486b4c2087}</UniqueIdentifier>
    </Filter>
    <Filter Include="Resource Files\UI Characters">
      <UniqueIdentifier>{1fdcafe1-61f4-403e-b139-73d6646a28dc}</UniqueIdentifier>
    </Filter>
    <Filter Include="Rooms">
      <UniqueIdentifier>{a4f0e0a1-a444-4276-a8eb-baa43b410235}</UniqueIdentifier>
    </Filter>
    <Filter Include="Rooms\RoomTileMappings">
      <UniqueIdentifier>{dbecb357-8648-4574-86ce-c0c1057afc06}</UniqueIdentifier>
    </Filter>
    <Filter Include="Rooms\RoomObjectMappings">
      <UniqueIdentifier>{43daae22-6fbc-4362-a0fd-76557364b4bd}</UniqueIdentifier>
    </Filter>
    <Filter Include="Rooms\RoomNPCMappings">
      <UniqueIdentifier>{3874d286-39cd-4cae-b8f6-0581c92085f7}</UniqueIdentifier>
    </Filter>
  </ItemGroup>
  <ItemGroup>
    <ClCompile Include="main_game.cpp">
      <Filter>Source Files</Filter>
    </ClCompile>
    <ClCompile Include="Game.cpp">
      <Filter>Source Files</Filter>
    </ClCompile>
    <ClCompile Include="Player.cpp">
      <Filter>Source Files</Filter>
    </ClCompile>
    <ClCompile Include="Room.cpp">
      <Filter>Source Files</Filter>
    </ClCompile>
    <ClCompile Include="Dungeon.cpp">
      <Filter>Source Files</Filter>
    </ClCompile>
    <ClCompile Include="NPC.cpp">
      <Filter>Source Files</Filter>
    </ClCompile>
    <ClCompile Include="UIManager.cpp">
      <Filter>Source Files</Filter>
    </ClCompile>
    <ClCompile Include="UIButton.cpp">
      <Filter>Source Files</Filter>
    </ClCompile>
    <ClCompile Include="GameObject.cpp">
      <Filter>Source Files</Filter>
    </ClCompile>
    <ClCompile Include="BehaviorWander.cpp">
      <Filter>NPC Behaviors</Filter>
    </ClCompile>
    <ClCompile Include="BehaviorAttackPlayerMelee.cpp">
      <Filter>NPC Behaviors</Filter>
    </ClCompile>
  </ItemGroup>
  <ItemGroup>
    <ClInclude Include="Constants.h">
      <Filter>Header Files</Filter>
    </ClInclude>
    <ClInclude Include="Game.h">
      <Filter>Header Files</Filter>
    </ClInclude>
    <ClInclude Include="Player.h">
      <Filter>Header Files</Filter>
    </ClInclude>
    <ClInclude Include="Room.h">
      <Filter>Header Files</Filter>
    </ClInclude>
    <ClInclude Include="Dungeon.h">
      <Filter>Header Files</Filter>
    </ClInclude>
    <ClInclude Include="NPC.h">
      <Filter>Header Files</Filter>
    </ClInclude>
    <ClInclude Include="UIManager.h">
      <Filter>Header Files</Filter>
    </ClInclude>
    <ClInclude Include="UIButton.h">
      <Filter>Header Files</Filter>
    </ClInclude>
    <ClInclude Include="GameObject.h">
      <Filter>Header Files</Filter>
    </ClInclude>
    <ClInclude Include="NPCBehavior.h">
      <Filter>Header Files</Filter>
    </ClInclude>
    <ClInclude Include="BehaviorWander.h">
      <Filter>NPC Behaviors</Filter>
    </ClInclude>
    <ClInclude Include="BehaviorAttackPlayerMelee.h">
      <Filter>NPC Behaviors</Filter>
    </ClInclude>
  </ItemGroup>
  <ItemGroup>
    <Image Include="wall.png">
      <Filter>Resource Files</Filter>
    </Image>
    <Image Include="rogue.png">
      <Filter>Resource Files</Filter>
    </Image>
    <Image Include="goblin.png">
      <Filter>Resource Files</Filter>
    </Image>
    <Image Include="tree.png">
      <Filter>Resource Files</Filter>
    </Image>
    <Image Include="coins.png">
      <Filter>Resource Files</Filter>
    </Image>
    <Image Include="g-chest.png">
      <Filter>Resource Files</Filter>
    </Image>
    <Image Include="chest.png">
      <Filter>Resource Files</Filter>
    </Image>
    <Image Include="pine.png">
      <Filter>Resource Files</Filter>
    </Image>
    <Image Include="..\..\..\Downloads\tree.png">
      <Filter>Resource Files</Filter>
    </Image>
    <Image Include="..\..\..\Downloads\full_red_heart.png">
      <Filter>Resource Files</Filter>
    </Image>
    <Image Include="half_red_heart.png">
      <Filter>Resource Files</Filter>
    </Image>
    <Image Include="full_action_point.png">
      <Filter>Resource Files</Filter>
    </Image>
    <Image Include="action_point_half.png">
      <Filter>Resource Files</Filter>
    </Image>
    <Image Include="dirt_1.png">
      <Filter>Resource Files</Filter>
    </Image>
    <Image Include="cursor.png">
      <Filter>Resource Files</Filter>
    </Image>
    <Image Include="cursor_2.png">
      <Filter>Resource Files</Filter>
    </Image>
    <Image Include="drop_ladder.png">
      <Filter>Resource Files</Filter>
    </Image>
    <Image Include="red_x.png">
      <Filter>Resource Files</Filter>
    </Image>
    <Image Include="sword.png">
      <Filter>Resource Files</Filter>
    </Image>
    <Image Include="x_bnw_non_clicked.png">
      <Filter>Resource Files</Filter>
    </Image>
    <Image Include="x_bnw_clicked.png">
      <Filter>Resource Files</Filter>
    </Image>
    <Image Include="sword_bnw_non_clicked.png">
      <Filter>Resource Files</Filter>
    </Image>
    <Image Include="sword_bnw_clicked.png">
      <Filter>Resource Files</Filter>
    </Image>
    <Image Include="move_button_bnw_non_clicked.png">
      <Filter>Resource Files</Filter>
    </Image>
    <Image Include="move_button_bnw_clicked.png">
      <Filter>Resource Files</Filter>
    </Image>
    <Image Include="camp_fire.png">
      <Filter>Resource Files</Filter>
    </Image>
    <Image Include="spider.png">
      <Filter>Resource Files</Filter>
    </Image>
    <Image Include="sheep.png">
      <Filter>Resource Files</Filter>
    </Image>
    <Image Include="stone_wall.png">
      <Filter>Resource Files</Filter>
    </Image>
    <Image Include="stone_wall_alt.png">
      <Filter>Resource Files</Filter>
    </Image>
    <Image Include="game_over.png">
      <Filter>Resource Files</Filter>
    </Image>
    <Image Include="upper_a.png">
      <Filter>Resource Files\UI Characters</Filter>
    </Image>
    <Image Include="upper_z.png">
      <Filter>Resource Files\UI Characters</Filter>
    </Image>
    <Image Include="upper_y.png">
      <Filter>Resource Files\UI Characters</Filter>
    </Image>
    <Image Include="upper_x.png">
      <Filter>Resource Files\UI Characters</Filter>
    </Image>
    <Image Include="upper_w.png">
      <Filter>Resource Files\UI Characters</Filter>
    </Image>
    <Image Include="upper_v.png">
      <Filter>Resource Files\UI Characters</Filter>
    </Image>
    <Image Include="upper_u.png">
      <Filter>Resource Files\UI Characters</Filter>
    </Image>
    <Image Include="upper_t.png">
      <Filter>Resource Files\UI Characters</Filter>
    </Image>
    <Image Include="upper_s.png">
      <Filter>Resource Files\UI Characters</Filter>
    </Image>
    <Image Include="upper_r.png">
      <Filter>Resource Files\UI Characters</Filter>
    </Image>
    <Image Include="upper_q.png">
      <Filter>Resource Files\UI Characters</Filter>
    </Image>
    <Image Include="upper_p.png">
      <Filter>Resource Files\UI Characters</Filter>
    </Image>
    <Image Include="upper_o.png">
      <Filter>Resource Files\UI Characters</Filter>
    </Image>
    <Image Include="upper_n.png">
      <Filter>Resource Files\UI Characters</Filter>
    </Image>
    <Image Include="upper_m.png">
      <Filter>Resource Files\UI Characters</Filter>
    </Image>
    <Image Include="upper_l.png">
      <Filter>Resource Files\UI Characters</Filter>
    </Image>
    <Image Include="upper_k.png">
      <Filter>Resource Files\UI Characters</Filter>
    </Image>
    <Image Include="upper_j.png">
      <Filter>Resource Files\UI Characters</Filter>
    </Image>
    <Image Include="upper_i.png">
      <Filter>Resource Files\UI Characters</Filter>
    </Image>
    <Image Include="upper_h.png">
      <Filter>Resource Files\UI Characters</Filter>
    </Image>
    <Image Include="upper_g.png">
      <Filter>Resource Files\UI Characters</Filter>
    </Image>
    <Image Include="upper_f.png">
      <Filter>Resource Files\UI Characters</Filter>
    </Image>
    <Image Include="upper_e.png">
      <Filter>Resource Files\UI Characters</Filter>
    </Image>
    <Image Include="upper_d.png">
      <Filter>Resource Files\UI Characters</Filter>
    </Image>
    <Image Include="upper_c.png">
      <Filter>Resource Files\UI Characters</Filter>
    </Image>
    <Image Include="upper_b.png">
      <Filter>Resource Files\UI Characters</Filter>
    </Image>
    <Image Include="..\..\..\Downloads\num_6.png">
      <Filter>Resource Files\UI Characters</Filter>
    </Image>
    <Image Include="..\..\..\Downloads\num_5.png">
      <Filter>Resource Files\UI Characters</Filter>
    </Image>
    <Image Include="..\..\..\Downloads\num_4.png">
      <Filter>Resource Files\UI Characters</Filter>
    </Image>
    <Image Include="..\..\..\Downloads\num_3.png">
      <Filter>Resource Files\UI Characters</Filter>
    </Image>
    <Image Include="..\..\..\Downloads\num_2.png">
      <Filter>Resource Files\UI Characters</Filter>
    </Image>
    <Image Include="..\..\..\Downloads\num_1.png">
      <Filter>Resource Files\UI Characters</Filter>
    </Image>
    <Image Include="..\..\..\Downloads\num_0.png">
      <Filter>Resource Files\UI Characters</Filter>
    </Image>
    <Image Include="..\..\..\Downloads\num_9.png">
      <Filter>Resource Files\UI Characters</Filter>
    </Image>
    <Image Include="..\..\..\Downloads\num_8.png">
      <Filter>Resource Files\UI Characters</Filter>
    </Image>
    <Image Include="..\..\..\Downloads\num_7.png">
      <Filter>Resource Files\UI Characters</Filter>
    </Image>
    <Image Include="..\..\..\Downloads\prompt_start.png">
      <Filter>Resource Files\UI Characters</Filter>
    </Image>
    <Image Include="..png">
      <Filter>Resource Files\UI Characters</Filter>
    </Image>
    <Image Include="..\..\..\Downloads\!.png">
      <Filter>Resource Files\UI Characters</Filter>
    </Image>
    <Image Include="..\..\..\Downloads\semi_colon.png">
      <Filter>Resource Files\UI Characters</Filter>
    </Image>
    <Image Include="..\..\..\Downloads\colon.png">
      <Filter>Resource Files\UI Characters</Filter>
    </Image>
    <Image Include="question_mark.png">
      <Filter>Resource Files\UI Characters</Filter>
    </Image>
    <Image Include="knight_2.png">
      <Filter>Resource Files</Filter>
    </Image>
    <Image Include="knight_1.png">
      <Filter>Resource Files</Filter>
    </Image>
    <Image Include="knight_4.png">
      <Filter>Resource Files</Filter>
    </Image>
    <Image Include="knight_3.png">
      <Filter>Resource Files</Filter>
    </Image>
    <Image Include="movement_point.png">
      <Filter>Resource Files</Filter>
    </Image>
  </ItemGroup>
</Project>